
Microsoft Visual Studio Solution File, Format Version 12.00
Project("{FAE04EC0-301F-11D3-BF4B-00C04F79EFBC}") = "Chat.Api", "Chat.Api\Chat.Api.csproj", "{FADAA707-2817-4605-831D-EBFC94595F8F}"
EndProject
Project("{FAE04EC0-301F-11D3-BF4B-00C04F79EFBC}") = "Chat.Domain", "Chat.Domain\Chat.Domain.csproj", "{7B143B9C-3826-40FB-8A4F-4C03C6AC248D}"
EndProject
Project("{FAE04EC0-301F-11D3-BF4B-00C04F79EFBC}") = "Chat.Application", "Chat.Application\Chat.Application.csproj", "{574638D2-D010-414B-A14D-5612201F072D}"
EndProject
Project("{FAE04EC0-301F-11D3-BF4B-00C04F79EFBC}") = "Chat.Infrastructure", "Chat.Infrastructure\Chat.Infrastructure.csproj", "{6A5483B5-FD29-466C-9DE5-51255EAC8994}"
EndProject
Global
	GlobalSection(SolutionConfigurationPlatforms) = preSolution
		Debug|Any CPU = Debug|Any CPU
		Release|Any CPU = Release|Any CPU
	EndGlobalSection
	GlobalSection(ProjectConfigurationPlatforms) = postSolution
		{FADAA707-2817-4605-831D-EBFC94595F8F}.Debug|Any CPU.ActiveCfg = Debug|Any CPU
		{FADAA707-2817-4605-831D-EBFC94595F8F}.Debug|Any CPU.Build.0 = Debug|Any CPU
		{FADAA707-2817-4605-831D-EBFC94595F8F}.Release|Any CPU.ActiveCfg = Release|Any CPU
		{FADAA707-2817-4605-831D-EBFC94595F8F}.Release|Any CPU.Build.0 = Release|Any CPU
		{7B143B9C-3826-40FB-8A4F-4C03C6AC248D}.Debug|Any CPU.ActiveCfg = Debug|Any CPU
		{7B143B9C-3826-40FB-8A4F-4C03C6AC248D}.Debug|Any CPU.Build.0 = Debug|Any CPU
		{7B143B9C-3826-40FB-8A4F-4C03C6AC248D}.Release|Any CPU.ActiveCfg = Release|Any CPU
		{7B143B9C-3826-40FB-8A4F-4C03C6AC248D}.Release|Any CPU.Build.0 = Release|Any CPU
		{574638D2-D010-414B-A14D-5612201F072D}.Debug|Any CPU.ActiveCfg = Debug|Any CPU
		{574638D2-D010-414B-A14D-5612201F072D}.Debug|Any CPU.Build.0 = Debug|Any CPU
		{574638D2-D010-414B-A14D-5612201F072D}.Release|Any CPU.ActiveCfg = Release|Any CPU
		{574638D2-D010-414B-A14D-5612201F072D}.Release|Any CPU.Build.0 = Release|Any CPU
		{6A5483B5-FD29-466C-9DE5-51255EAC8994}.Debug|Any CPU.ActiveCfg = Debug|Any CPU
		{6A5483B5-FD29-466C-9DE5-51255EAC8994}.Debug|Any CPU.Build.0 = Debug|Any CPU
		{6A5483B5-FD29-466C-9DE5-51255EAC8994}.Release|Any CPU.ActiveCfg = Release|Any CPU
		{6A5483B5-FD29-466C-9DE5-51255EAC8994}.Release|Any CPU.Build.0 = Release|Any CPU
	EndGlobalSection
EndGlobal
